
Microsoft Visual Studio Solution File, Format Version 12.00
# Visual Studio Version 17
VisualStudioVersion = 17.8.34408.163
MinimumVisualStudioVersion = 10.0.40219.1
Project("{9A19103F-16F7-4668-BE54-9A1E7A4F7556}") = "TestCryptoСomparer", "TestCryptoСomparer\TestCryptoСomparer.csproj", "{38A866B7-AE65-418A-8A52-1F2B7D35AFF9}"
	ProjectSection(ProjectDependencies) = postProject
		{25B1A1A7-1253-402F-B208-2490AE309B84} = {25B1A1A7-1253-402F-B208-2490AE309B84}
	EndProjectSection
EndProject
Project("{FAE04EC0-301F-11D3-BF4B-00C04F79EFBC}") = "TestCryptoComparerClassLibrary", "TestCryptoComparerClassLibrary\TestCryptoComparerClassLibrary.csproj", "{25B1A1A7-1253-402F-B208-2490AE309B84}"
EndProject
Global
	GlobalSection(SolutionConfigurationPlatforms) = preSolution
		Debug|Any CPU = Debug|Any CPU
		Release|Any CPU = Release|Any CPU
	EndGlobalSection
	GlobalSection(ProjectConfigurationPlatforms) = postSolution
		{38A866B7-AE65-418A-8A52-1F2B7D35AFF9}.Debug|Any CPU.ActiveCfg = Debug|Any CPU
		{38A866B7-AE65-418A-8A52-1F2B7D35AFF9}.Debug|Any CPU.Build.0 = Debug|Any CPU
		{38A866B7-AE65-418A-8A52-1F2B7D35AFF9}.Release|Any CPU.ActiveCfg = Release|Any CPU
		{38A866B7-AE65-418A-8A52-1F2B7D35AFF9}.Release|Any CPU.Build.0 = Release|Any CPU
		{25B1A1A7-1253-402F-B208-2490AE309B84}.Debug|Any CPU.ActiveCfg = Debug|Any CPU
		{25B1A1A7-1253-402F-B208-2490AE309B84}.Debug|Any CPU.Build.0 = Debug|Any CPU
		{25B1A1A7-1253-402F-B208-2490AE309B84}.Release|Any CPU.ActiveCfg = Release|Any CPU
		{25B1A1A7-1253-402F-B208-2490AE309B84}.Release|Any CPU.Build.0 = Release|Any CPU
	EndGlobalSection
	GlobalSection(SolutionProperties) = preSolution
		HideSolutionNode = FALSE
	EndGlobalSection
	GlobalSection(ExtensibilityGlobals) = postSolution
		SolutionGuid = {F6279DDE-DEB1-40D5-A217-F48EC88D3E21}
	EndGlobalSection
EndGlobal
